
Microsoft Visual Studio Solution File, Format Version 12.00
# Visual Studio Version 16
VisualStudioVersion = 16.0.30330.147
MinimumVisualStudioVersion = 10.0.40219.1
Project("{FAE04EC0-301F-11D3-BF4B-00C04F79EFBC}") = "ShopAPI", "ShopAPI.csproj", "{FCFA3F77-10D3-4889-B6C6-017B026EC6E6}"
EndProject
Global
	GlobalSection(SolutionConfigurationPlatforms) = preSolution
		Debug|Any CPU = Debug|Any CPU
		Release|Any CPU = Release|Any CPU
	EndGlobalSection
	GlobalSection(ProjectConfigurationPlatforms) = postSolution
		{FCFA3F77-10D3-4889-B6C6-017B026EC6E6}.Debug|Any CPU.ActiveCfg = Debug|Any CPU
		{FCFA3F77-10D3-4889-B6C6-017B026EC6E6}.Debug|Any CPU.Build.0 = Debug|Any CPU
		{FCFA3F77-10D3-4889-B6C6-017B026EC6E6}.Release|Any CPU.ActiveCfg = Release|Any CPU
		{FCFA3F77-10D3-4889-B6C6-017B026EC6E6}.Release|Any CPU.Build.0 = Release|Any CPU
	EndGlobalSection
	GlobalSection(SolutionProperties) = preSolution
		HideSolutionNode = FALSE
	EndGlobalSection
	GlobalSection(ExtensibilityGlobals) = postSolution
		SolutionGuid = {AEFE359D-8E86-4C63-9646-7CC091534E2D}
	EndGlobalSection
EndGlobal
